
Microsoft Visual Studio Solution File, Format Version 12.00
# Visual Studio Version 16
VisualStudioVersion = 16.0.30114.105
MinimumVisualStudioVersion = 10.0.40219.1
Project("{FAE04EC0-301F-11D3-BF4B-00C04F79EFBC}") = "MyBankApp", "MyBankApp\MyBankApp.csproj", "{C67AFA77-21EB-494B-92EE-98A29C151350}"
EndProject
Global
	GlobalSection(SolutionConfigurationPlatforms) = preSolution
		Debug|Any CPU = Debug|Any CPU
		Release|Any CPU = Release|Any CPU
	EndGlobalSection
	GlobalSection(ProjectConfigurationPlatforms) = postSolution
		{C67AFA77-21EB-494B-92EE-98A29C151350}.Debug|Any CPU.ActiveCfg = Debug|Any CPU
		{C67AFA77-21EB-494B-92EE-98A29C151350}.Debug|Any CPU.Build.0 = Debug|Any CPU
		{C67AFA77-21EB-494B-92EE-98A29C151350}.Release|Any CPU.ActiveCfg = Release|Any CPU
		{C67AFA77-21EB-494B-92EE-98A29C151350}.Release|Any CPU.Build.0 = Release|Any CPU
	EndGlobalSection
	GlobalSection(SolutionProperties) = preSolution
		HideSolutionNode = FALSE
	EndGlobalSection
	GlobalSection(ExtensibilityGlobals) = postSolution
		SolutionGuid = {9E01E6D9-1DF0-4103-B076-12301BA79685}
	EndGlobalSection
EndGlobal
